
Microsoft Visual Studio Solution File, Format Version 12.00
# Visual Studio Version 17
VisualStudioVersion = 17.3.32922.545
MinimumVisualStudioVersion = 10.0.40219.1
Project("{9A19103F-16F7-4668-BE54-9A1E7A4F7556}") = "AvalonDock.Themes.VisualStudio", "AvalonDock.Themes.VisualStudio\AvalonDock.Themes.VisualStudio.csproj", "{AC07424F-9933-4275-BA15-567AEF83B347}"
EndProject
Project("{9A19103F-16F7-4668-BE54-9A1E7A4F7556}") = "DockingDemo", "DockingDemo\DockingDemo.csproj", "{4F3445E9-77CF-4038-BCFA-315B72291380}"
EndProject
Global
	GlobalSection(SolutionConfigurationPlatforms) = preSolution
		Debug|Any CPU = Debug|Any CPU
		Release|Any CPU = Release|Any CPU
	EndGlobalSection
	GlobalSection(ProjectConfigurationPlatforms) = postSolution
		{AC07424F-9933-4275-BA15-567AEF83B347}.Debug|Any CPU.ActiveCfg = Debug|Any CPU
		{AC07424F-9933-4275-BA15-567AEF83B347}.Debug|Any CPU.Build.0 = Debug|Any CPU
		{AC07424F-9933-4275-BA15-567AEF83B347}.Release|Any CPU.ActiveCfg = Release|Any CPU
		{AC07424F-9933-4275-BA15-567AEF83B347}.Release|Any CPU.Build.0 = Release|Any CPU
		{4F3445E9-77CF-4038-BCFA-315B72291380}.Debug|Any CPU.ActiveCfg = Debug|Any CPU
		{4F3445E9-77CF-4038-BCFA-315B72291380}.Debug|Any CPU.Build.0 = Debug|Any CPU
		{4F3445E9-77CF-4038-BCFA-315B72291380}.Release|Any CPU.ActiveCfg = Release|Any CPU
		{4F3445E9-77CF-4038-BCFA-315B72291380}.Release|Any CPU.Build.0 = Release|Any CPU
	EndGlobalSection
	GlobalSection(SolutionProperties) = preSolution
		HideSolutionNode = FALSE
	EndGlobalSection
	GlobalSection(ExtensibilityGlobals) = postSolution
		SolutionGuid = {C555D0E0-1DBE-4D72-A34E-75E5340AFF78}
	EndGlobalSection
EndGlobal
